
Microsoft Visual Studio Solution File, Format Version 12.00
# Visual Studio Version 17
VisualStudioVersion = 17.7.34202.233
MinimumVisualStudioVersion = 10.0.40219.1
Project("{FAE04EC0-301F-11D3-BF4B-00C04F79EFBC}") = "CRUD-Filmy", "CRUD-Filmy\CRUD-Filmy.csproj", "{CC2F9753-6006-4B9F-8B15-844051075CA7}"
EndProject
Global
	GlobalSection(SolutionConfigurationPlatforms) = preSolution
		Debug|Any CPU = Debug|Any CPU
		Release|Any CPU = Release|Any CPU
	EndGlobalSection
	GlobalSection(ProjectConfigurationPlatforms) = postSolution
		{CC2F9753-6006-4B9F-8B15-844051075CA7}.Debug|Any CPU.ActiveCfg = Debug|Any CPU
		{CC2F9753-6006-4B9F-8B15-844051075CA7}.Debug|Any CPU.Build.0 = Debug|Any CPU
		{CC2F9753-6006-4B9F-8B15-844051075CA7}.Release|Any CPU.ActiveCfg = Release|Any CPU
		{CC2F9753-6006-4B9F-8B15-844051075CA7}.Release|Any CPU.Build.0 = Release|Any CPU
	EndGlobalSection
	GlobalSection(SolutionProperties) = preSolution
		HideSolutionNode = FALSE
	EndGlobalSection
	GlobalSection(ExtensibilityGlobals) = postSolution
		SolutionGuid = {1E3BB0AA-9F5F-4D2D-BE1F-7F482B4058B7}
	EndGlobalSection
EndGlobal
